
Microsoft Visual Studio Solution File, Format Version 12.00
# Visual Studio Version 16
VisualStudioVersion = 16.0.29409.12
MinimumVisualStudioVersion = 10.0.40219.1
Project("{FAE04EC0-301F-11D3-BF4B-00C04F79EFBC}") = "Apptest", "Apptest.csproj", "{E2FA28F2-CBC8-4551-AE12-99EF89FD688D}"
EndProject
Global
	GlobalSection(SolutionConfigurationPlatforms) = preSolution
		Debug|Any CPU = Debug|Any CPU
		Release|Any CPU = Release|Any CPU
	EndGlobalSection
	GlobalSection(ProjectConfigurationPlatforms) = postSolution
		{E2FA28F2-CBC8-4551-AE12-99EF89FD688D}.Debug|Any CPU.ActiveCfg = Debug|Any CPU
		{E2FA28F2-CBC8-4551-AE12-99EF89FD688D}.Debug|Any CPU.Build.0 = Debug|Any CPU
		{E2FA28F2-CBC8-4551-AE12-99EF89FD688D}.Release|Any CPU.ActiveCfg = Release|Any CPU
		{E2FA28F2-CBC8-4551-AE12-99EF89FD688D}.Release|Any CPU.Build.0 = Release|Any CPU
	EndGlobalSection
	GlobalSection(SolutionProperties) = preSolution
		HideSolutionNode = FALSE
	EndGlobalSection
	GlobalSection(ExtensibilityGlobals) = postSolution
		SolutionGuid = {E11A8A7F-4BC1-4EF1-A25A-50739A95BC88}
	EndGlobalSection
EndGlobal
